// !$*UTF8*$!
{
	archiveVersion = 1;
	classes = {
	};
	objectVersion = 50;
	objects = {

/* Begin PBXBuildFile section */
		4B1438FF2422E12B001B6259 /* covid.usdz in Resources */ = {isa = PBXBuildFile; fileRef = 4B1438FE2422E12B001B6259 /* covid.usdz */; };
		4B2150102422C8E90055A6F7 /* Generator.swift in Sources */ = {isa = PBXBuildFile; fileRef = 4B21500F2422C8E90055A6F7 /* Generator.swift */; };
		4B79E2532420BDC4004E7CD0 /* AppDelegate.swift in Sources */ = {isa = PBXBuildFile; fileRef = 4B79E2522420BDC4004E7CD0 /* AppDelegate.swift */; };
		4B79E2552420BDC4004E7CD0 /* ContentView.swift in Sources */ = {isa = PBXBuildFile; fileRef = 4B79E2542420BDC4004E7CD0 /* ContentView.swift */; };
		4B79E2572420BDC4004E7CD0 /* Experience.rcproject in Sources */ = {isa = PBXBuildFile; fileRef = 4B79E2562420BDC4004E7CD0 /* Experience.rcproject */; };
		4B79E2592420BDC5004E7CD0 /* Assets.xcassets in Resources */ = {isa = PBXBuildFile; fileRef = 4B79E2582420BDC5004E7CD0 /* Assets.xcassets */; };
		4B79E25C2420BDC5004E7CD0 /* Preview Assets.xcassets in Resources */ = {isa = PBXBuildFile; fileRef = 4B79E25B2420BDC5004E7CD0 /* Preview Assets.xcassets */; };
		4B79E25F2420BDC5004E7CD0 /* LaunchScreen.storyboard in Resources */ = {isa = PBXBuildFile; fileRef = 4B79E25D2420BDC5004E7CD0 /* LaunchScreen.storyboard */; };
		4B79E26A2420BDC6004E7CD0 /* ARBouncingBallCubeTests.swift in Sources */ = {isa = PBXBuildFile; fileRef = 4B79E2692420BDC6004E7CD0 /* ARBouncingBallCubeTests.swift */; };
		4B79E2752420BDC6004E7CD0 /* ARBouncingBallCubeUITests.swift in Sources */ = {isa = PBXBuildFile; fileRef = 4B79E2742420BDC6004E7CD0 /* ARBouncingBallCubeUITests.swift */; };
		4B79E2832420C542004E7CD0 /* MyARView.swift in Sources */ = {isa = PBXBuildFile; fileRef = 4B79E2822420C542004E7CD0 /* MyARView.swift */; };
		4B79E2842420C542004E7CD0 /* MyARView.swift in Sources */ = {isa = PBXBuildFile; fileRef = 4B79E2822420C542004E7CD0 /* MyARView.swift */; };
		4B79E2852420C542004E7CD0 /* MyARView.swift in Sources */ = {isa = PBXBuildFile; fileRef = 4B79E2822420C542004E7CD0 /* MyARView.swift */; };
		4B79E2C32420D6DF004E7CD0 /* Extensions.swift in Sources */ = {isa = PBXBuildFile; fileRef = 4B79E2C22420D6DF004E7CD0 /* Extensions.swift */; };
		4B79E2C42420D6DF004E7CD0 /* Extensions.swift in Sources */ = {isa = PBXBuildFile; fileRef = 4B79E2C22420D6DF004E7CD0 /* Extensions.swift */; };
		4B79E2C52420D6DF004E7CD0 /* Extensions.swift in Sources */ = {isa = PBXBuildFile; fileRef = 4B79E2C22420D6DF004E7CD0 /* Extensions.swift */; };
		4B79E2C72420DA9C004E7CD0 /* Const.swift in Sources */ = {isa = PBXBuildFile; fileRef = 4B79E2C62420DA9C004E7CD0 /* Const.swift */; };
		4B79E2C82420DA9C004E7CD0 /* Const.swift in Sources */ = {isa = PBXBuildFile; fileRef = 4B79E2C62420DA9C004E7CD0 /* Const.swift */; };
		4B79E2C92420DA9C004E7CD0 /* Const.swift in Sources */ = {isa = PBXBuildFile; fileRef = 4B79E2C62420DA9C004E7CD0 /* Const.swift */; };
		4B981419242102400044CD03 /* OriginEntity.swift in Sources */ = {isa = PBXBuildFile; fileRef = 4B981418242102400044CD03 /* OriginEntity.swift */; };
		4BF1510C242614BE002EF998 /* Network.swift in Sources */ = {isa = PBXBuildFile; fileRef = 4BF1510B242614BE002EF998 /* Network.swift */; };
		4BF1511124262129002EF998 /* NetworkBrowser.swift in Sources */ = {isa = PBXBuildFile; fileRef = 4BF1511024262129002EF998 /* NetworkBrowser.swift */; };
		4BF1511324262172002EF998 /* NetworkSession.swift in Sources */ = {isa = PBXBuildFile; fileRef = 4BF1511224262172002EF998 /* NetworkSession.swift */; };
		4BF1511724262879002EF998 /* NetworkAdvertiser.swift in Sources */ = {isa = PBXBuildFile; fileRef = 4BF1511624262879002EF998 /* NetworkAdvertiser.swift */; };
/* End PBXBuildFile section */

/* Begin PBXContainerItemProxy section */
		4B79E2662420BDC6004E7CD0 /* PBXContainerItemProxy */ = {
			isa = PBXContainerItemProxy;
			containerPortal = 4B79E2472420BDC4004E7CD0 /* Project object */;
			proxyType = 1;
			remoteGlobalIDString = 4B79E24E2420BDC4004E7CD0;
			remoteInfo = ARBouncingBallCube;
		};
		4B79E2712420BDC6004E7CD0 /* PBXContainerItemProxy */ = {
			isa = PBXContainerItemProxy;
			containerPortal = 4B79E2472420BDC4004E7CD0 /* Project object */;
			proxyType = 1;
			remoteGlobalIDString = 4B79E24E2420BDC4004E7CD0;
			remoteInfo = ARBouncingBallCube;
		};
/* End PBXContainerItemProxy section */

/* Begin PBXFileReference section */
		4B1438FE2422E12B001B6259 /* covid.usdz */ = {isa = PBXFileReference; lastKnownFileType = file.usdz; path = covid.usdz; sourceTree = "<group>"; };
		4B21500F2422C8E90055A6F7 /* Generator.swift */ = {isa = PBXFileReference; lastKnownFileType = sourcecode.swift; path = Generator.swift; sourceTree = "<group>"; };
		4B79E24F2420BDC4004E7CD0 /* ARBouncingBallCube.app */ = {isa = PBXFileReference; explicitFileType = wrapper.application; includeInIndex = 0; path = ARBouncingBallCube.app; sourceTree = BUILT_PRODUCTS_DIR; };
		4B79E2522420BDC4004E7CD0 /* AppDelegate.swift */ = {isa = PBXFileReference; lastKnownFileType = sourcecode.swift; path = AppDelegate.swift; sourceTree = "<group>"; };
		4B79E2542420BDC4004E7CD0 /* ContentView.swift */ = {isa = PBXFileReference; lastKnownFileType = sourcecode.swift; path = ContentView.swift; sourceTree = "<group>"; };
		4B79E2562420BDC4004E7CD0 /* Experience.rcproject */ = {isa = PBXFileReference; lastKnownFileType = file.rcproject; path = Experience.rcproject; sourceTree = "<group>"; };
		4B79E2582420BDC5004E7CD0 /* Assets.xcassets */ = {isa = PBXFileReference; lastKnownFileType = folder.assetcatalog; path = Assets.xcassets; sourceTree = "<group>"; };
		4B79E25B2420BDC5004E7CD0 /* Preview Assets.xcassets */ = {isa = PBXFileReference; lastKnownFileType = folder.assetcatalog; path = "Preview Assets.xcassets"; sourceTree = "<group>"; };
		4B79E25E2420BDC5004E7CD0 /* Base */ = {isa = PBXFileReference; lastKnownFileType = file.storyboard; name = Base; path = Base.lproj/LaunchScreen.storyboard; sourceTree = "<group>"; };
		4B79E2602420BDC5004E7CD0 /* Info.plist */ = {isa = PBXFileReference; lastKnownFileType = text.plist.xml; path = Info.plist; sourceTree = "<group>"; };
		4B79E2652420BDC6004E7CD0 /* ARBouncingBallCubeTests.xctest */ = {isa = PBXFileReference; explicitFileType = wrapper.cfbundle; includeInIndex = 0; path = ARBouncingBallCubeTests.xctest; sourceTree = BUILT_PRODUCTS_DIR; };
		4B79E2692420BDC6004E7CD0 /* ARBouncingBallCubeTests.swift */ = {isa = PBXFileReference; lastKnownFileType = sourcecode.swift; path = ARBouncingBallCubeTests.swift; sourceTree = "<group>"; };
		4B79E26B2420BDC6004E7CD0 /* Info.plist */ = {isa = PBXFileReference; lastKnownFileType = text.plist.xml; path = Info.plist; sourceTree = "<group>"; };
		4B79E2702420BDC6004E7CD0 /* ARBouncingBallCubeUITests.xctest */ = {isa = PBXFileReference; explicitFileType = wrapper.cfbundle; includeInIndex = 0; path = ARBouncingBallCubeUITests.xctest; sourceTree = BUILT_PRODUCTS_DIR; };
		4B79E2742420BDC6004E7CD0 /* ARBouncingBallCubeUITests.swift */ = {isa = PBXFileReference; lastKnownFileType = sourcecode.swift; path = ARBouncingBallCubeUITests.swift; sourceTree = "<group>"; };
		4B79E2762420BDC6004E7CD0 /* Info.plist */ = {isa = PBXFileReference; lastKnownFileType = text.plist.xml; path = Info.plist; sourceTree = "<group>"; };
		4B79E2822420C542004E7CD0 /* MyARView.swift */ = {isa = PBXFileReference; lastKnownFileType = sourcecode.swift; path = MyARView.swift; sourceTree = "<group>"; };
		4B79E2C22420D6DF004E7CD0 /* Extensions.swift */ = {isa = PBXFileReference; lastKnownFileType = sourcecode.swift; path = Extensions.swift; sourceTree = "<group>"; };
		4B79E2C62420DA9C004E7CD0 /* Const.swift */ = {isa = PBXFileReference; lastKnownFileType = sourcecode.swift; path = Const.swift; sourceTree = "<group>"; };
		4B981418242102400044CD03 /* OriginEntity.swift */ = {isa = PBXFileReference; lastKnownFileType = sourcecode.swift; path = OriginEntity.swift; sourceTree = "<group>"; };
		4BCBDE4B2421775200E57C02 /* ARBouncingBallCube.entitlements */ = {isa = PBXFileReference; lastKnownFileType = text.plist.entitlements; path = ARBouncingBallCube.entitlements; sourceTree = "<group>"; };
		4BF1510B242614BE002EF998 /* Network.swift */ = {isa = PBXFileReference; lastKnownFileType = sourcecode.swift; path = Network.swift; sourceTree = "<group>"; };
		4BF1511024262129002EF998 /* NetworkBrowser.swift */ = {isa = PBXFileReference; lastKnownFileType = sourcecode.swift; path = NetworkBrowser.swift; sourceTree = "<group>"; };
		4BF1511224262172002EF998 /* NetworkSession.swift */ = {isa = PBXFileReference; lastKnownFileType = sourcecode.swift; path = NetworkSession.swift; sourceTree = "<group>"; };
		4BF1511624262879002EF998 /* NetworkAdvertiser.swift */ = {isa = PBXFileReference; lastKnownFileType = sourcecode.swift; path = NetworkAdvertiser.swift; sourceTree = "<group>"; };
/* End PBXFileReference section */

/* Begin PBXFrameworksBuildPhase section */
		4B79E24C2420BDC4004E7CD0 /* Frameworks */ = {
			isa = PBXFrameworksBuildPhase;
			buildActionMask = 2147483647;
			files = (
			);
			runOnlyForDeploymentPostprocessing = 0;
		};
		4B79E2622420BDC6004E7CD0 /* Frameworks */ = {
			isa = PBXFrameworksBuildPhase;
			buildActionMask = 2147483647;
			files = (
			);
			runOnlyForDeploymentPostprocessing = 0;
		};
		4B79E26D2420BDC6004E7CD0 /* Frameworks */ = {
			isa = PBXFrameworksBuildPhase;
			buildActionMask = 2147483647;
			files = (
			);
			runOnlyForDeploymentPostprocessing = 0;
		};
/* End PBXFrameworksBuildPhase section */

/* Begin PBXGroup section */
		4B6A55062420FA1000DE9672 /* CustomEntities */ = {
			isa = PBXGroup;
			children = (
				4B981418242102400044CD03 /* OriginEntity.swift */,
			);
			path = CustomEntities;
			sourceTree = "<group>";
		};
		4B79E2462420BDC4004E7CD0 = {
			isa = PBXGroup;
			children = (
				4B79E2512420BDC4004E7CD0 /* ARBouncingBallCube */,
				4B79E2682420BDC6004E7CD0 /* ARBouncingBallCubeTests */,
				4B79E2732420BDC6004E7CD0 /* ARBouncingBallCubeUITests */,
				4B79E2502420BDC4004E7CD0 /* Products */,
			);
			sourceTree = "<group>";
		};
		4B79E2502420BDC4004E7CD0 /* Products */ = {
			isa = PBXGroup;
			children = (
				4B79E24F2420BDC4004E7CD0 /* ARBouncingBallCube.app */,
				4B79E2652420BDC6004E7CD0 /* ARBouncingBallCubeTests.xctest */,
				4B79E2702420BDC6004E7CD0 /* ARBouncingBallCubeUITests.xctest */,
			);
			name = Products;
			sourceTree = "<group>";
		};
		4B79E2512420BDC4004E7CD0 /* ARBouncingBallCube */ = {
			isa = PBXGroup;
			children = (
				4BF1510D242620E5002EF998 /* Network */,
				4BCBDE4C24217CB200E57C02 /* Assets */,
				4B79E2522420BDC4004E7CD0 /* AppDelegate.swift */,
				4BCBDE4B2421775200E57C02 /* ARBouncingBallCube.entitlements */,
				4B79E2582420BDC5004E7CD0 /* Assets.xcassets */,
				4B79E2C62420DA9C004E7CD0 /* Const.swift */,
				4B79E2542420BDC4004E7CD0 /* ContentView.swift */,
				4B6A55062420FA1000DE9672 /* CustomEntities */,
				4B79E2562420BDC4004E7CD0 /* Experience.rcproject */,
				4B79E2C22420D6DF004E7CD0 /* Extensions.swift */,
				4B79E2602420BDC5004E7CD0 /* Info.plist */,
				4B79E25D2420BDC5004E7CD0 /* LaunchScreen.storyboard */,
				4B79E2822420C542004E7CD0 /* MyARView.swift */,
				4B79E25A2420BDC5004E7CD0 /* Preview Content */,
				4B21500F2422C8E90055A6F7 /* Generator.swift */,
			);
			path = ARBouncingBallCube;
			sourceTree = "<group>";
		};
		4B79E25A2420BDC5004E7CD0 /* Preview Content */ = {
			isa = PBXGroup;
			children = (
				4B79E25B2420BDC5004E7CD0 /* Preview Assets.xcassets */,
			);
			path = "Preview Content";
			sourceTree = "<group>";
		};
		4B79E2682420BDC6004E7CD0 /* ARBouncingBallCubeTests */ = {
			isa = PBXGroup;
			children = (
				4B79E2692420BDC6004E7CD0 /* ARBouncingBallCubeTests.swift */,
				4B79E26B2420BDC6004E7CD0 /* Info.plist */,
			);
			path = ARBouncingBallCubeTests;
			sourceTree = "<group>";
		};
		4B79E2732420BDC6004E7CD0 /* ARBouncingBallCubeUITests */ = {
			isa = PBXGroup;
			children = (
				4B79E2742420BDC6004E7CD0 /* ARBouncingBallCubeUITests.swift */,
				4B79E2762420BDC6004E7CD0 /* Info.plist */,
			);
			path = ARBouncingBallCubeUITests;
			sourceTree = "<group>";
		};
		4BCBDE4C24217CB200E57C02 /* Assets */ = {
			isa = PBXGroup;
			children = (
				4B1438FE2422E12B001B6259 /* covid.usdz */,
			);
			path = Assets;
			sourceTree = "<group>";
		};
		4BF1510D242620E5002EF998 /* Network */ = {
			isa = PBXGroup;
			children = (
				4BF1510B242614BE002EF998 /* Network.swift */,
				4BF1511624262879002EF998 /* NetworkAdvertiser.swift */,
				4BF1511024262129002EF998 /* NetworkBrowser.swift */,
				4BF1511224262172002EF998 /* NetworkSession.swift */,
			);
			path = Network;
			sourceTree = "<group>";
		};
/* End PBXGroup section */

/* Begin PBXNativeTarget section */
		4B79E24E2420BDC4004E7CD0 /* ARBouncingBallCube */ = {
			isa = PBXNativeTarget;
			buildConfigurationList = 4B79E2792420BDC6004E7CD0 /* Build configuration list for PBXNativeTarget "ARBouncingBallCube" */;
			buildPhases = (
				4B79E24B2420BDC4004E7CD0 /* Sources */,
				4B79E24C2420BDC4004E7CD0 /* Frameworks */,
				4B79E24D2420BDC4004E7CD0 /* Resources */,
			);
			buildRules = (
			);
			dependencies = (
			);
			name = ARBouncingBallCube;
			productName = ARBouncingBallCube;
			productReference = 4B79E24F2420BDC4004E7CD0 /* ARBouncingBallCube.app */;
			productType = "com.apple.product-type.application";
		};
		4B79E2642420BDC6004E7CD0 /* ARBouncingBallCubeTests */ = {
			isa = PBXNativeTarget;
			buildConfigurationList = 4B79E27C2420BDC6004E7CD0 /* Build configuration list for PBXNativeTarget "ARBouncingBallCubeTests" */;
			buildPhases = (
				4B79E2612420BDC6004E7CD0 /* Sources */,
				4B79E2622420BDC6004E7CD0 /* Frameworks */,
				4B79E2632420BDC6004E7CD0 /* Resources */,
			);
			buildRules = (
			);
			dependencies = (
				4B79E2672420BDC6004E7CD0 /* PBXTargetDependency */,
			);
			name = ARBouncingBallCubeTests;
			productName = ARBouncingBallCubeTests;
			productReference = 4B79E2652420BDC6004E7CD0 /* ARBouncingBallCubeTests.xctest */;
			productType = "com.apple.product-type.bundle.unit-test";
		};
		4B79E26F2420BDC6004E7CD0 /* ARBouncingBallCubeUITests */ = {
			isa = PBXNativeTarget;
			buildConfigurationList = 4B79E27F2420BDC6004E7CD0 /* Build configuration list for PBXNativeTarget "ARBouncingBallCubeUITests" */;
			buildPhases = (
				4B79E26C2420BDC6004E7CD0 /* Sources */,
				4B79E26D2420BDC6004E7CD0 /* Frameworks */,
				4B79E26E2420BDC6004E7CD0 /* Resources */,
			);
			buildRules = (
			);
			dependencies = (
				4B79E2722420BDC6004E7CD0 /* PBXTargetDependency */,
			);
			name = ARBouncingBallCubeUITests;
			productName = ARBouncingBallCubeUITests;
			productReference = 4B79E2702420BDC6004E7CD0 /* ARBouncingBallCubeUITests.xctest */;
			productType = "com.apple.product-type.bundle.ui-testing";
		};
/* End PBXNativeTarget section */

/* Begin PBXProject section */
		4B79E2472420BDC4004E7CD0 /* Project object */ = {
			isa = PBXProject;
			attributes = {
				LastSwiftUpdateCheck = 1130;
				LastUpgradeCheck = 1130;
				ORGANIZATIONNAME = "Christopher Williams";
				TargetAttributes = {
					4B79E24E2420BDC4004E7CD0 = {
						CreatedOnToolsVersion = 11.3.1;
					};
					4B79E2642420BDC6004E7CD0 = {
						CreatedOnToolsVersion = 11.3.1;
						TestTargetID = 4B79E24E2420BDC4004E7CD0;
					};
					4B79E26F2420BDC6004E7CD0 = {
						CreatedOnToolsVersion = 11.3.1;
						TestTargetID = 4B79E24E2420BDC4004E7CD0;
					};
				};
			};
			buildConfigurationList = 4B79E24A2420BDC4004E7CD0 /* Build configuration list for PBXProject "ARBouncingBallCube" */;
			compatibilityVersion = "Xcode 9.3";
			developmentRegion = en;
			hasScannedForEncodings = 0;
			knownRegions = (
				en,
				Base,
			);
			mainGroup = 4B79E2462420BDC4004E7CD0;
			productRefGroup = 4B79E2502420BDC4004E7CD0 /* Products */;
			projectDirPath = "";
			projectRoot = "";
			targets = (
				4B79E24E2420BDC4004E7CD0 /* ARBouncingBallCube */,
				4B79E2642420BDC6004E7CD0 /* ARBouncingBallCubeTests */,
				4B79E26F2420BDC6004E7CD0 /* ARBouncingBallCubeUITests */,
			);
		};
/* End PBXProject section */

/* Begin PBXResourcesBuildPhase section */
		4B79E24D2420BDC4004E7CD0 /* Resources */ = {
			isa = PBXResourcesBuildPhase;
			buildActionMask = 2147483647;
			files = (
				4B79E25F2420BDC5004E7CD0 /* LaunchScreen.storyboard in Resources */,
				4B79E25C2420BDC5004E7CD0 /* Preview Assets.xcassets in Resources */,
				4B79E2592420BDC5004E7CD0 /* Assets.xcassets in Resources */,
				4B1438FF2422E12B001B6259 /* covid.usdz in Resources */,
			);
			runOnlyForDeploymentPostprocessing = 0;
		};
		4B79E2632420BDC6004E7CD0 /* Resources */ = {
			isa = PBXResourcesBuildPhase;
			buildActionMask = 2147483647;
			files = (
			);
			runOnlyForDeploymentPostprocessing = 0;
		};
		4B79E26E2420BDC6004E7CD0 /* Resources */ = {
			isa = PBXResourcesBuildPhase;
			buildActionMask = 2147483647;
			files = (
			);
			runOnlyForDeploymentPostprocessing = 0;
		};
/* End PBXResourcesBuildPhase section */

/* Begin PBXSourcesBuildPhase section */
		4B79E24B2420BDC4004E7CD0 /* Sources */ = {
			isa = PBXSourcesBuildPhase;
			buildActionMask = 2147483647;
			files = (
				4B79E2C32420D6DF004E7CD0 /* Extensions.swift in Sources */,
				4BF1511124262129002EF998 /* NetworkBrowser.swift in Sources */,
				4B981419242102400044CD03 /* OriginEntity.swift in Sources */,
				4B79E2832420C542004E7CD0 /* MyARView.swift in Sources */,
				4B79E2552420BDC4004E7CD0 /* ContentView.swift in Sources */,
				4B79E2532420BDC4004E7CD0 /* AppDelegate.swift in Sources */,
				4BF1510C242614BE002EF998 /* Network.swift in Sources */,
				4B79E2572420BDC4004E7CD0 /* Experience.rcproject in Sources */,
				4BF1511324262172002EF998 /* NetworkSession.swift in Sources */,
				4B79E2C72420DA9C004E7CD0 /* Const.swift in Sources */,
				4B2150102422C8E90055A6F7 /* Generator.swift in Sources */,
				4BF1511724262879002EF998 /* NetworkAdvertiser.swift in Sources */,
			);
			runOnlyForDeploymentPostprocessing = 0;
		};
		4B79E2612420BDC6004E7CD0 /* Sources */ = {
			isa = PBXSourcesBuildPhase;
			buildActionMask = 2147483647;
			files = (
				4B79E2842420C542004E7CD0 /* MyARView.swift in Sources */,
				4B79E2C82420DA9C004E7CD0 /* Const.swift in Sources */,
				4B79E2C42420D6DF004E7CD0 /* Extensions.swift in Sources */,
				4B79E26A2420BDC6004E7CD0 /* ARBouncingBallCubeTests.swift in Sources */,
			);
			runOnlyForDeploymentPostprocessing = 0;
		};
		4B79E26C2420BDC6004E7CD0 /* Sources */ = {
			isa = PBXSourcesBuildPhase;
			buildActionMask = 2147483647;
			files = (
				4B79E2852420C542004E7CD0 /* MyARView.swift in Sources */,
				4B79E2C92420DA9C004E7CD0 /* Const.swift in Sources */,
				4B79E2C52420D6DF004E7CD0 /* Extensions.swift in Sources */,
				4B79E2752420BDC6004E7CD0 /* ARBouncingBallCubeUITests.swift in Sources */,
			);
			runOnlyForDeploymentPostprocessing = 0;
		};
/* End PBXSourcesBuildPhase section */

/* Begin PBXTargetDependency section */
		4B79E2672420BDC6004E7CD0 /* PBXTargetDependency */ = {
			isa = PBXTargetDependency;
			target = 4B79E24E2420BDC4004E7CD0 /* ARBouncingBallCube */;
			targetProxy = 4B79E2662420BDC6004E7CD0 /* PBXContainerItemProxy */;
		};
		4B79E2722420BDC6004E7CD0 /* PBXTargetDependency */ = {
			isa = PBXTargetDependency;
			target = 4B79E24E2420BDC4004E7CD0 /* ARBouncingBallCube */;
			targetProxy = 4B79E2712420BDC6004E7CD0 /* PBXContainerItemProxy */;
		};
/* End PBXTargetDependency section */

/* Begin PBXVariantGroup section */
		4B79E25D2420BDC5004E7CD0 /* LaunchScreen.storyboard */ = {
			isa = PBXVariantGroup;
			children = (
				4B79E25E2420BDC5004E7CD0 /* Base */,
			);
			name = LaunchScreen.storyboard;
			sourceTree = "<group>";
		};
/* End PBXVariantGroup section */

/* Begin XCBuildConfiguration section */
		4B79E2772420BDC6004E7CD0 /* Debug */ = {
			isa = XCBuildConfiguration;
			buildSettings = {
				ALWAYS_SEARCH_USER_PATHS = NO;
				CLANG_ANALYZER_NONNULL = YES;
				CLANG_ANALYZER_NUMBER_OBJECT_CONVERSION = YES_AGGRESSIVE;
				CLANG_CXX_LANGUAGE_STANDARD = "gnu++14";
				CLANG_CXX_LIBRARY = "libc++";
				CLANG_ENABLE_MODULES = YES;
				CLANG_ENABLE_OBJC_ARC = YES;
				CLANG_ENABLE_OBJC_WEAK = YES;
				CLANG_WARN_BLOCK_CAPTURE_AUTORELEASING = YES;
				CLANG_WARN_BOOL_CONVERSION = YES;
				CLANG_WARN_COMMA = YES;
				CLANG_WARN_CONSTANT_CONVERSION = YES;
				CLANG_WARN_DEPRECATED_OBJC_IMPLEMENTATIONS = YES;
				CLANG_WARN_DIRECT_OBJC_ISA_USAGE = YES_ERROR;
				CLANG_WARN_DOCUMENTATION_COMMENTS = YES;
				CLANG_WARN_EMPTY_BODY = YES;
				CLANG_WARN_ENUM_CONVERSION = YES;
				CLANG_WARN_INFINITE_RECURSION = YES;
				CLANG_WARN_INT_CONVERSION = YES;
				CLANG_WARN_NON_LITERAL_NULL_CONVERSION = YES;
				CLANG_WARN_OBJC_IMPLICIT_RETAIN_SELF = YES;
				CLANG_WARN_OBJC_LITERAL_CONVERSION = YES;
				CLANG_WARN_OBJC_ROOT_CLASS = YES_ERROR;
				CLANG_WARN_RANGE_LOOP_ANALYSIS = YES;
				CLANG_WARN_STRICT_PROTOTYPES = YES;
				CLANG_WARN_SUSPICIOUS_MOVE = YES;
				CLANG_WARN_UNGUARDED_AVAILABILITY = YES_AGGRESSIVE;
				CLANG_WARN_UNREACHABLE_CODE = YES;
				CLANG_WARN__DUPLICATE_METHOD_MATCH = YES;
				COPY_PHASE_STRIP = NO;
				DEBUG_INFORMATION_FORMAT = dwarf;
				ENABLE_STRICT_OBJC_MSGSEND = YES;
				ENABLE_TESTABILITY = YES;
				GCC_C_LANGUAGE_STANDARD = gnu11;
				GCC_DYNAMIC_NO_PIC = NO;
				GCC_NO_COMMON_BLOCKS = YES;
				GCC_OPTIMIZATION_LEVEL = 0;
				GCC_PREPROCESSOR_DEFINITIONS = (
					"DEBUG=1",
					"$(inherited)",
				);
				GCC_WARN_64_TO_32_BIT_CONVERSION = YES;
				GCC_WARN_ABOUT_RETURN_TYPE = YES_ERROR;
				GCC_WARN_UNDECLARED_SELECTOR = YES;
				GCC_WARN_UNINITIALIZED_AUTOS = YES_AGGRESSIVE;
				GCC_WARN_UNUSED_FUNCTION = YES;
				GCC_WARN_UNUSED_VARIABLE = YES;
				IPHONEOS_DEPLOYMENT_TARGET = 13.2;
				MTL_ENABLE_DEBUG_INFO = INCLUDE_SOURCE;
				MTL_FAST_MATH = YES;
				ONLY_ACTIVE_ARCH = YES;
				SDKROOT = iphoneos;
				SWIFT_ACTIVE_COMPILATION_CONDITIONS = DEBUG;
				SWIFT_OPTIMIZATION_LEVEL = "-Onone";
			};
			name = Debug;
		};
		4B79E2782420BDC6004E7CD0 /* Release */ = {
			isa = XCBuildConfiguration;
			buildSettings = {
				ALWAYS_SEARCH_USER_PATHS = NO;
				CLANG_ANALYZER_NONNULL = YES;
				CLANG_ANALYZER_NUMBER_OBJECT_CONVERSION = YES_AGGRESSIVE;
				CLANG_CXX_LANGUAGE_STANDARD = "gnu++14";
				CLANG_CXX_LIBRARY = "libc++";
				CLANG_ENABLE_MODULES = YES;
				CLANG_ENABLE_OBJC_ARC = YES;
				CLANG_ENABLE_OBJC_WEAK = YES;
				CLANG_WARN_BLOCK_CAPTURE_AUTORELEASING = YES;
				CLANG_WARN_BOOL_CONVERSION = YES;
				CLANG_WARN_COMMA = YES;
				CLANG_WARN_CONSTANT_CONVERSION = YES;
				CLANG_WARN_DEPRECATED_OBJC_IMPLEMENTATIONS = YES;
				CLANG_WARN_DIRECT_OBJC_ISA_USAGE = YES_ERROR;
				CLANG_WARN_DOCUMENTATION_COMMENTS = YES;
				CLANG_WARN_EMPTY_BODY = YES;
				CLANG_WARN_ENUM_CONVERSION = YES;
				CLANG_WARN_INFINITE_RECURSION = YES;
				CLANG_WARN_INT_CONVERSION = YES;
				CLANG_WARN_NON_LITERAL_NULL_CONVERSION = YES;
				CLANG_WARN_OBJC_IMPLICIT_RETAIN_SELF = YES;
				CLANG_WARN_OBJC_LITERAL_CONVERSION = YES;
				CLANG_WARN_OBJC_ROOT_CLASS = YES_ERROR;
				CLANG_WARN_RANGE_LOOP_ANALYSIS = YES;
				CLANG_WARN_STRICT_PROTOTYPES = YES;
				CLANG_WARN_SUSPICIOUS_MOVE = YES;
				CLANG_WARN_UNGUARDED_AVAILABILITY = YES_AGGRESSIVE;
				CLANG_WARN_UNREACHABLE_CODE = YES;
				CLANG_WARN__DUPLICATE_METHOD_MATCH = YES;
				COPY_PHASE_STRIP = NO;
				DEBUG_INFORMATION_FORMAT = "dwarf-with-dsym";
				ENABLE_NS_ASSERTIONS = NO;
				ENABLE_STRICT_OBJC_MSGSEND = YES;
				GCC_C_LANGUAGE_STANDARD = gnu11;
				GCC_NO_COMMON_BLOCKS = YES;
				GCC_WARN_64_TO_32_BIT_CONVERSION = YES;
				GCC_WARN_ABOUT_RETURN_TYPE = YES_ERROR;
				GCC_WARN_UNDECLARED_SELECTOR = YES;
				GCC_WARN_UNINITIALIZED_AUTOS = YES_AGGRESSIVE;
				GCC_WARN_UNUSED_FUNCTION = YES;
				GCC_WARN_UNUSED_VARIABLE = YES;
				IPHONEOS_DEPLOYMENT_TARGET = 13.2;
				MTL_ENABLE_DEBUG_INFO = NO;
				MTL_FAST_MATH = YES;
				SDKROOT = iphoneos;
				SWIFT_COMPILATION_MODE = wholemodule;
				SWIFT_OPTIMIZATION_LEVEL = "-O";
				VALIDATE_PRODUCT = YES;
			};
			name = Release;
		};
		4B79E27A2420BDC6004E7CD0 /* Debug */ = {
			isa = XCBuildConfiguration;
			buildSettings = {
				ASSETCATALOG_COMPILER_APPICON_NAME = AppIcon;
				CODE_SIGN_ENTITLEMENTS = ARBouncingBallCube/ARBouncingBallCube.entitlements;
				CODE_SIGN_STYLE = Automatic;
				DERIVE_MACCATALYST_PRODUCT_BUNDLE_IDENTIFIER = YES;
				DEVELOPMENT_ASSET_PATHS = "\"ARBouncingBallCube/Preview Content\"";
				DEVELOPMENT_TEAM = L9GDAR3R36;
				ENABLE_PREVIEWS = YES;
				INFOPLIST_FILE = ARBouncingBallCube/Info.plist;
				LD_RUNPATH_SEARCH_PATHS = (
					"$(inherited)",
					"@executable_path/Frameworks",
				);
				PRODUCT_BUNDLE_IDENTIFIER = me.christopherwilliams.ARBouncingBallCube;
				PRODUCT_NAME = "$(TARGET_NAME)";
				SUPPORTS_MACCATALYST = YES;
				SWIFT_VERSION = 5.0;
				TARGETED_DEVICE_FAMILY = "1,2";
			};
			name = Debug;
		};
		4B79E27B2420BDC6004E7CD0 /* Release */ = {
			isa = XCBuildConfiguration;
			buildSettings = {
				ASSETCATALOG_COMPILER_APPICON_NAME = AppIcon;
				CODE_SIGN_ENTITLEMENTS = ARBouncingBallCube/ARBouncingBallCube.entitlements;
				CODE_SIGN_STYLE = Automatic;
				DERIVE_MACCATALYST_PRODUCT_BUNDLE_IDENTIFIER = YES;
				DEVELOPMENT_ASSET_PATHS = "\"ARBouncingBallCube/Preview Content\"";
				DEVELOPMENT_TEAM = L9GDAR3R36;
				ENABLE_PREVIEWS = YES;
				INFOPLIST_FILE = ARBouncingBallCube/Info.plist;
				LD_RUNPATH_SEARCH_PATHS = (
					"$(inherited)",
					"@executable_path/Frameworks",
				);
				PRODUCT_BUNDLE_IDENTIFIER = me.christopherwilliams.ARBouncingBallCube;
				PRODUCT_NAME = "$(TARGET_NAME)";
				SUPPORTS_MACCATALYST = YES;
				SWIFT_VERSION = 5.0;
				TARGETED_DEVICE_FAMILY = "1,2";
			};
			name = Release;
		};
		4B79E27D2420BDC6004E7CD0 /* Debug */ = {
			isa = XCBuildConfiguration;
			buildSettings = {
				ALWAYS_EMBED_SWIFT_STANDARD_LIBRARIES = YES;
				BUNDLE_LOADER = "$(TEST_HOST)";
				CODE_SIGN_STYLE = Automatic;
				DEVELOPMENT_TEAM = L9GDAR3R36;
				INFOPLIST_FILE = ARBouncingBallCubeTests/Info.plist;
				IPHONEOS_DEPLOYMENT_TARGET = 13.2;
				LD_RUNPATH_SEARCH_PATHS = (
					"$(inherited)",
					"@executable_path/Frameworks",
					"@loader_path/Frameworks",
				);
				PRODUCT_BUNDLE_IDENTIFIER = me.christopherwilliams.ARBouncingBallCubeTests;
				PRODUCT_NAME = "$(TARGET_NAME)";
				SWIFT_VERSION = 5.0;
				TARGETED_DEVICE_FAMILY = "1,2";
				TEST_HOST = "$(BUILT_PRODUCTS_DIR)/ARBouncingBallCube.app/ARBouncingBallCube";
			};
			name = Debug;
		};
		4B79E27E2420BDC6004E7CD0 /* Release */ = {
			isa = XCBuildConfiguration;
			buildSettings = {
				ALWAYS_EMBED_SWIFT_STANDARD_LIBRARIES = YES;
				BUNDLE_LOADER = "$(TEST_HOST)";
				CODE_SIGN_STYLE = Automatic;
				DEVELOPMENT_TEAM = L9GDAR3R36;
				INFOPLIST_FILE = ARBouncingBallCubeTests/Info.plist;
				IPHONEOS_DEPLOYMENT_TARGET = 13.2;
				LD_RUNPATH_SEARCH_PATHS = (
					"$(inherited)",
					"@executable_path/Frameworks",
					"@loader_path/Frameworks",
				);
				PRODUCT_BUNDLE_IDENTIFIER = me.christopherwilliams.ARBouncingBallCubeTests;
				PRODUCT_NAME = "$(TARGET_NAME)";
				SWIFT_VERSION = 5.0;
				TARGETED_DEVICE_FAMILY = "1,2";
				TEST_HOST = "$(BUILT_PRODUCTS_DIR)/ARBouncingBallCube.app/ARBouncingBallCube";
			};
			name = Release;
		};
		4B79E2802420BDC6004E7CD0 /* Debug */ = {
			isa = XCBuildConfiguration;
			buildSettings = {
				ALWAYS_EMBED_SWIFT_STANDARD_LIBRARIES = YES;
				CODE_SIGN_STYLE = Automatic;
				DEVELOPMENT_TEAM = L9GDAR3R36;
				INFOPLIST_FILE = ARBouncingBallCubeUITests/Info.plist;
				LD_RUNPATH_SEARCH_PATHS = (
					"$(inherited)",
					"@executable_path/Frameworks",
					"@loader_path/Frameworks",
				);
				PRODUCT_BUNDLE_IDENTIFIER = me.christopherwilliams.ARBouncingBallCubeUITests;
				PRODUCT_NAME = "$(TARGET_NAME)";
				SWIFT_VERSION = 5.0;
				TARGETED_DEVICE_FAMILY = "1,2";
				TEST_TARGET_NAME = ARBouncingBallCube;
			};
			name = Debug;
		};
		4B79E2812420BDC6004E7CD0 /* Release */ = {
			isa = XCBuildConfiguration;
			buildSettings = {
				ALWAYS_EMBED_SWIFT_STANDARD_LIBRARIES = YES;
				CODE_SIGN_STYLE = Automatic;
				DEVELOPMENT_TEAM = L9GDAR3R36;
				INFOPLIST_FILE = ARBouncingBallCubeUITests/Info.plist;
				LD_RUNPATH_SEARCH_PATHS = (
					"$(inherited)",
					"@executable_path/Frameworks",
					"@loader_path/Frameworks",
				);
				PRODUCT_BUNDLE_IDENTIFIER = me.christopherwilliams.ARBouncingBallCubeUITests;
				PRODUCT_NAME = "$(TARGET_NAME)";
				SWIFT_VERSION = 5.0;
				TARGETED_DEVICE_FAMILY = "1,2";
				TEST_TARGET_NAME = ARBouncingBallCube;
			};
			name = Release;
		};
/* End XCBuildConfiguration section */

/* Begin XCConfigurationList section */
		4B79E24A2420BDC4004E7CD0 /* Build configuration list for PBXProject "ARBouncingBallCube" */ = {
			isa = XCConfigurationList;
			buildConfigurations = (
				4B79E2772420BDC6004E7CD0 /* Debug */,
				4B79E2782420BDC6004E7CD0 /* Release */,
			);
			defaultConfigurationIsVisible = 0;
			defaultConfigurationName = Release;
		};
		4B79E2792420BDC6004E7CD0 /* Build configuration list for PBXNativeTarget "ARBouncingBallCube" */ = {
			isa = XCConfigurationList;
			buildConfigurations = (
				4B79E27A2420BDC6004E7CD0 /* Debug */,
				4B79E27B2420BDC6004E7CD0 /* Release */,
			);
			defaultConfigurationIsVisible = 0;
			defaultConfigurationName = Release;
		};
		4B79E27C2420BDC6004E7CD0 /* Build configuration list for PBXNativeTarget "ARBouncingBallCubeTests" */ = {
			isa = XCConfigurationList;
			buildConfigurations = (
				4B79E27D2420BDC6004E7CD0 /* Debug */,
				4B79E27E2420BDC6004E7CD0 /* Release */,
			);
			defaultConfigurationIsVisible = 0;
			defaultConfigurationName = Release;
		};
		4B79E27F2420BDC6004E7CD0 /* Build configuration list for PBXNativeTarget "ARBouncingBallCubeUITests" */ = {
			isa = XCConfigurationList;
			buildConfigurations = (
				4B79E2802420BDC6004E7CD0 /* Debug */,
				4B79E2812420BDC6004E7CD0 /* Release */,
			);
			defaultConfigurationIsVisible = 0;
			defaultConfigurationName = Release;
		};
/* End XCConfigurationList section */
	};
	rootObject = 4B79E2472420BDC4004E7CD0 /* Project object */;
}
